// !$*UTF8*$!
{
	archiveVersion = 1;
	classes = {
	};
	objectVersion = 55;
	objects = {

/* Begin PBXBuildFile section */
		2F8C07BE28F34BBF0091EEB9 /* AppDelegate.swift in Sources */ = {isa = PBXBuildFile; fileRef = 2F8C07BD28F34BBF0091EEB9 /* AppDelegate.swift */; };
		2F8C07C028F34BBF0091EEB9 /* SceneDelegate.swift in Sources */ = {isa = PBXBuildFile; fileRef = 2F8C07BF28F34BBF0091EEB9 /* SceneDelegate.swift */; };
		2F8C07C228F34BBF0091EEB9 /* InterestingInfoViewController.swift in Sources */ = {isa = PBXBuildFile; fileRef = 2F8C07C128F34BBF0091EEB9 /* InterestingInfoViewController.swift */; };
		2F8C07C528F34BBF0091EEB9 /* Main.storyboard in Resources */ = {isa = PBXBuildFile; fileRef = 2F8C07C328F34BBF0091EEB9 /* Main.storyboard */; };
		2F8C07C728F34BC20091EEB9 /* Assets.xcassets in Resources */ = {isa = PBXBuildFile; fileRef = 2F8C07C628F34BC20091EEB9 /* Assets.xcassets */; };
		2F8C07CA28F34BC20091EEB9 /* LaunchScreen.storyboard in Resources */ = {isa = PBXBuildFile; fileRef = 2F8C07C828F34BC20091EEB9 /* LaunchScreen.storyboard */; };
		2F8C07D728F351570091EEB9 /* Endpoint.swift in Sources */ = {isa = PBXBuildFile; fileRef = 2F8C07D428F351570091EEB9 /* Endpoint.swift */; };
		2F8C07D828F351570091EEB9 /* Error.swift in Sources */ = {isa = PBXBuildFile; fileRef = 2F8C07D528F351570091EEB9 /* Error.swift */; };
		2F8C07D928F351570091EEB9 /* Networking.swift in Sources */ = {isa = PBXBuildFile; fileRef = 2F8C07D628F351570091EEB9 /* Networking.swift */; };
		2F8C07DB28F3532E0091EEB9 /* Animal.swift in Sources */ = {isa = PBXBuildFile; fileRef = 2F8C07DA28F3532E0091EEB9 /* Animal.swift */; };
		2F8C07DE28F358360091EEB9 /* InfoFetcher.swift in Sources */ = {isa = PBXBuildFile; fileRef = 2F8C07DD28F358360091EEB9 /* InfoFetcher.swift */; };
		2F8C07E028F358A40091EEB9 /* AnimalFetcher.swift in Sources */ = {isa = PBXBuildFile; fileRef = 2F8C07DF28F358A40091EEB9 /* AnimalFetcher.swift */; };
		2F8C07E228F35A390091EEB9 /* AnimalResponse.swift in Sources */ = {isa = PBXBuildFile; fileRef = 2F8C07E128F35A390091EEB9 /* AnimalResponse.swift */; };
		2F8C07E528F35D520091EEB9 /* SwinjectStoryboard+Extension.swift in Sources */ = {isa = PBXBuildFile; fileRef = 2F8C07E428F35D520091EEB9 /* SwinjectStoryboard+Extension.swift */; };
		2F8C07EA28F559790091EEB9 /* AnimalInfoCell.swift in Sources */ = {isa = PBXBuildFile; fileRef = 2F8C07E928F559790091EEB9 /* AnimalInfoCell.swift */; };
		2F8C07ED28F559EF0091EEB9 /* AnimalInfoCell.xib in Resources */ = {isa = PBXBuildFile; fileRef = 2F8C07EC28F559EF0091EEB9 /* AnimalInfoCell.xib */; };
		2F8C07FE28F55D9C0091EEB9 /* UIImageView+Extension.swift in Sources */ = {isa = PBXBuildFile; fileRef = 2F8C07FD28F55D9C0091EEB9 /* UIImageView+Extension.swift */; };
		2F8C080128F5639A0091EEB9 /* AnimalInfoViewController.swift in Sources */ = {isa = PBXBuildFile; fileRef = 2F8C080028F5639A0091EEB9 /* AnimalInfoViewController.swift */; };
		2F8C080428F56EAF0091EEB9 /* AnimalViewModel.swift in Sources */ = {isa = PBXBuildFile; fileRef = 2F8C080328F56EAF0091EEB9 /* AnimalViewModel.swift */; };
		2F8C080628F586070091EEB9 /* ThemeViewController.swift in Sources */ = {isa = PBXBuildFile; fileRef = 2F8C080528F586070091EEB9 /* ThemeViewController.swift */; };
		DB4CD1CF1CE19BB098046EEC /* Pods_JZAPITestApp.framework in Frameworks */ = {isa = PBXBuildFile; fileRef = 1EE02F4CCAF08D75381A67A7 /* Pods_JZAPITestApp.framework */; };
/* End PBXBuildFile section */

/* Begin PBXFileReference section */
		1EE02F4CCAF08D75381A67A7 /* Pods_JZAPITestApp.framework */ = {isa = PBXFileReference; explicitFileType = wrapper.framework; includeInIndex = 0; path = Pods_JZAPITestApp.framework; sourceTree = BUILT_PRODUCTS_DIR; };
		23832EA8DECC2BB83E62D4B9 /* Pods-JZAPITestApp.debug.xcconfig */ = {isa = PBXFileReference; includeInIndex = 1; lastKnownFileType = text.xcconfig; name = "Pods-JZAPITestApp.debug.xcconfig"; path = "Target Support Files/Pods-JZAPITestApp/Pods-JZAPITestApp.debug.xcconfig"; sourceTree = "<group>"; };
		2F8C07BA28F34BBF0091EEB9 /* JZAPITestApp.app */ = {isa = PBXFileReference; explicitFileType = wrapper.application; includeInIndex = 0; path = JZAPITestApp.app; sourceTree = BUILT_PRODUCTS_DIR; };
		2F8C07BD28F34BBF0091EEB9 /* AppDelegate.swift */ = {isa = PBXFileReference; lastKnownFileType = sourcecode.swift; path = AppDelegate.swift; sourceTree = "<group>"; };
		2F8C07BF28F34BBF0091EEB9 /* SceneDelegate.swift */ = {isa = PBXFileReference; lastKnownFileType = sourcecode.swift; path = SceneDelegate.swift; sourceTree = "<group>"; };
		2F8C07C128F34BBF0091EEB9 /* InterestingInfoViewController.swift */ = {isa = PBXFileReference; lastKnownFileType = sourcecode.swift; path = InterestingInfoViewController.swift; sourceTree = "<group>"; };
		2F8C07C428F34BBF0091EEB9 /* Base */ = {isa = PBXFileReference; lastKnownFileType = file.storyboard; name = Base; path = Base.lproj/Main.storyboard; sourceTree = "<group>"; };
		2F8C07C628F34BC20091EEB9 /* Assets.xcassets */ = {isa = PBXFileReference; lastKnownFileType = folder.assetcatalog; path = Assets.xcassets; sourceTree = "<group>"; };
		2F8C07C928F34BC20091EEB9 /* Base */ = {isa = PBXFileReference; lastKnownFileType = file.storyboard; name = Base; path = Base.lproj/LaunchScreen.storyboard; sourceTree = "<group>"; };
		2F8C07CB28F34BC20091EEB9 /* Info.plist */ = {isa = PBXFileReference; lastKnownFileType = text.plist.xml; path = Info.plist; sourceTree = "<group>"; };
		2F8C07D428F351570091EEB9 /* Endpoint.swift */ = {isa = PBXFileReference; fileEncoding = 4; lastKnownFileType = sourcecode.swift; path = Endpoint.swift; sourceTree = "<group>"; };
		2F8C07D528F351570091EEB9 /* Error.swift */ = {isa = PBXFileReference; fileEncoding = 4; lastKnownFileType = sourcecode.swift; path = Error.swift; sourceTree = "<group>"; };
		2F8C07D628F351570091EEB9 /* Networking.swift */ = {isa = PBXFileReference; fileEncoding = 4; lastKnownFileType = sourcecode.swift; path = Networking.swift; sourceTree = "<group>"; };
		2F8C07DA28F3532E0091EEB9 /* Animal.swift */ = {isa = PBXFileReference; lastKnownFileType = sourcecode.swift; path = Animal.swift; sourceTree = "<group>"; };
		2F8C07DD28F358360091EEB9 /* InfoFetcher.swift */ = {isa = PBXFileReference; lastKnownFileType = sourcecode.swift; path = InfoFetcher.swift; sourceTree = "<group>"; };
		2F8C07DF28F358A40091EEB9 /* AnimalFetcher.swift */ = {isa = PBXFileReference; lastKnownFileType = sourcecode.swift; path = AnimalFetcher.swift; sourceTree = "<group>"; };
		2F8C07E128F35A390091EEB9 /* AnimalResponse.swift */ = {isa = PBXFileReference; lastKnownFileType = sourcecode.swift; path = AnimalResponse.swift; sourceTree = "<group>"; };
		2F8C07E428F35D520091EEB9 /* SwinjectStoryboard+Extension.swift */ = {isa = PBXFileReference; fileEncoding = 4; lastKnownFileType = sourcecode.swift; path = "SwinjectStoryboard+Extension.swift"; sourceTree = "<group>"; };
		2F8C07E928F559790091EEB9 /* AnimalInfoCell.swift */ = {isa = PBXFileReference; lastKnownFileType = sourcecode.swift; path = AnimalInfoCell.swift; sourceTree = "<group>"; };
		2F8C07EC28F559EF0091EEB9 /* AnimalInfoCell.xib */ = {isa = PBXFileReference; lastKnownFileType = file.xib; path = AnimalInfoCell.xib; sourceTree = "<group>"; };
		2F8C07FD28F55D9C0091EEB9 /* UIImageView+Extension.swift */ = {isa = PBXFileReference; lastKnownFileType = sourcecode.swift; path = "UIImageView+Extension.swift"; sourceTree = "<group>"; };
		2F8C080028F5639A0091EEB9 /* AnimalInfoViewController.swift */ = {isa = PBXFileReference; lastKnownFileType = sourcecode.swift; path = AnimalInfoViewController.swift; sourceTree = "<group>"; };
		2F8C080328F56EAF0091EEB9 /* AnimalViewModel.swift */ = {isa = PBXFileReference; lastKnownFileType = sourcecode.swift; path = AnimalViewModel.swift; sourceTree = "<group>"; };
		2F8C080528F586070091EEB9 /* ThemeViewController.swift */ = {isa = PBXFileReference; lastKnownFileType = sourcecode.swift; path = ThemeViewController.swift; sourceTree = "<group>"; };
		EB6922C637A4652852D10535 /* Pods-JZAPITestApp.release.xcconfig */ = {isa = PBXFileReference; includeInIndex = 1; lastKnownFileType = text.xcconfig; name = "Pods-JZAPITestApp.release.xcconfig"; path = "Target Support Files/Pods-JZAPITestApp/Pods-JZAPITestApp.release.xcconfig"; sourceTree = "<group>"; };
/* End PBXFileReference section */

/* Begin PBXFrameworksBuildPhase section */
		2F8C07B728F34BBF0091EEB9 /* Frameworks */ = {
			isa = PBXFrameworksBuildPhase;
			buildActionMask = 2147483647;
			files = (
				DB4CD1CF1CE19BB098046EEC /* Pods_JZAPITestApp.framework in Frameworks */,
			);
			runOnlyForDeploymentPostprocessing = 0;
		};
/* End PBXFrameworksBuildPhase section */

/* Begin PBXGroup section */
		2F8C07B128F34BBF0091EEB9 = {
			isa = PBXGroup;
			children = (
				2F8C07BC28F34BBF0091EEB9 /* JZAPITestApp */,
				2F8C07BB28F34BBF0091EEB9 /* Products */,
				74A8FB93B9E51C0D6E043DB4 /* Pods */,
				9A06C9A307F4727AE73E6A83 /* Frameworks */,
			);
			sourceTree = "<group>";
		};
		2F8C07BB28F34BBF0091EEB9 /* Products */ = {
			isa = PBXGroup;
			children = (
				2F8C07BA28F34BBF0091EEB9 /* JZAPITestApp.app */,
			);
			name = Products;
			sourceTree = "<group>";
		};
		2F8C07BC28F34BBF0091EEB9 /* JZAPITestApp */ = {
			isa = PBXGroup;
			children = (
				2F8C080228F56E910091EEB9 /* ViewModel */,
				2F8C07E728F5591E0091EEB9 /* UI */,
				2F8C07E328F35D150091EEB9 /* Extensions */,
				2F8C07DC28F358110091EEB9 /* Fetcher */,
				2F8C07D328F350E70091EEB9 /* Model */,
				2F8C07D228F350D60091EEB9 /* Networking */,
				2F8C07D128F34FF50091EEB9 /* Storyboard */,
				2F8C07BD28F34BBF0091EEB9 /* AppDelegate.swift */,
				2F8C07BF28F34BBF0091EEB9 /* SceneDelegate.swift */,
				2F8C07C628F34BC20091EEB9 /* Assets.xcassets */,
				2F8C07CB28F34BC20091EEB9 /* Info.plist */,
			);
			path = JZAPITestApp;
			sourceTree = "<group>";
		};
		2F8C07D128F34FF50091EEB9 /* Storyboard */ = {
			isa = PBXGroup;
			children = (
				2F8C07C828F34BC20091EEB9 /* LaunchScreen.storyboard */,
				2F8C07C328F34BBF0091EEB9 /* Main.storyboard */,
			);
			path = Storyboard;
			sourceTree = "<group>";
		};
		2F8C07D228F350D60091EEB9 /* Networking */ = {
			isa = PBXGroup;
			children = (
				2F8C07D428F351570091EEB9 /* Endpoint.swift */,
				2F8C07D528F351570091EEB9 /* Error.swift */,
				2F8C07D628F351570091EEB9 /* Networking.swift */,
			);
			path = Networking;
			sourceTree = "<group>";
		};
		2F8C07D328F350E70091EEB9 /* Model */ = {
			isa = PBXGroup;
			children = (
				2F8C07DA28F3532E0091EEB9 /* Animal.swift */,
				2F8C07E128F35A390091EEB9 /* AnimalResponse.swift */,
			);
			path = Model;
			sourceTree = "<group>";
		};
		2F8C07DC28F358110091EEB9 /* Fetcher */ = {
			isa = PBXGroup;
			children = (
				2F8C07DD28F358360091EEB9 /* InfoFetcher.swift */,
				2F8C07DF28F358A40091EEB9 /* AnimalFetcher.swift */,
			);
			path = Fetcher;
			sourceTree = "<group>";
		};
		2F8C07E328F35D150091EEB9 /* Extensions */ = {
			isa = PBXGroup;
			children = (
				2F8C07E428F35D520091EEB9 /* SwinjectStoryboard+Extension.swift */,
				2F8C07FD28F55D9C0091EEB9 /* UIImageView+Extension.swift */,
			);
			path = Extensions;
			sourceTree = "<group>";
		};
		2F8C07E728F5591E0091EEB9 /* UI */ = {
			isa = PBXGroup;
			children = (
				2F8C07FF28F563620091EEB9 /* Controller */,
				2F8C07E828F559280091EEB9 /* Cell */,
			);
			path = UI;
			sourceTree = "<group>";
		};
		2F8C07E828F559280091EEB9 /* Cell */ = {
			isa = PBXGroup;
			children = (
				2F8C07EB28F559CB0091EEB9 /* AnimalInfo */,
			);
			path = Cell;
			sourceTree = "<group>";
		};
		2F8C07EB28F559CB0091EEB9 /* AnimalInfo */ = {
			isa = PBXGroup;
			children = (
				2F8C07E928F559790091EEB9 /* AnimalInfoCell.swift */,
				2F8C07EC28F559EF0091EEB9 /* AnimalInfoCell.xib */,
			);
			path = AnimalInfo;
			sourceTree = "<group>";
		};
		2F8C07FF28F563620091EEB9 /* Controller */ = {
			isa = PBXGroup;
			children = (
				2F8C07C128F34BBF0091EEB9 /* InterestingInfoViewController.swift */,
				2F8C080028F5639A0091EEB9 /* AnimalInfoViewController.swift */,
				2F8C080528F586070091EEB9 /* ThemeViewController.swift */,
			);
			path = Controller;
			sourceTree = "<group>";
		};
		2F8C080228F56E910091EEB9 /* ViewModel */ = {
			isa = PBXGroup;
			children = (
				2F8C080328F56EAF0091EEB9 /* AnimalViewModel.swift */,
			);
			path = ViewModel;
			sourceTree = "<group>";
		};
		74A8FB93B9E51C0D6E043DB4 /* Pods */ = {
			isa = PBXGroup;
			children = (
				23832EA8DECC2BB83E62D4B9 /* Pods-JZAPITestApp.debug.xcconfig */,
				EB6922C637A4652852D10535 /* Pods-JZAPITestApp.release.xcconfig */,
			);
			path = Pods;
			sourceTree = "<group>";
		};
		9A06C9A307F4727AE73E6A83 /* Frameworks */ = {
			isa = PBXGroup;
			children = (
				1EE02F4CCAF08D75381A67A7 /* Pods_JZAPITestApp.framework */,
			);
			name = Frameworks;
			sourceTree = "<group>";
		};
/* End PBXGroup section */

/* Begin PBXNativeTarget section */
		2F8C07B928F34BBF0091EEB9 /* JZAPITestApp */ = {
			isa = PBXNativeTarget;
			buildConfigurationList = 2F8C07CE28F34BC20091EEB9 /* Build configuration list for PBXNativeTarget "JZAPITestApp" */;
			buildPhases = (
				402A9E0DEB9B0A11C963864E /* [CP] Check Pods Manifest.lock */,
				2F8C07B628F34BBF0091EEB9 /* Sources */,
				2F8C07B728F34BBF0091EEB9 /* Frameworks */,
				2F8C07B828F34BBF0091EEB9 /* Resources */,
				FE7A5B1D7DF91DB60FCB7545 /* [CP] Embed Pods Frameworks */,
			);
			buildRules = (
			);
			dependencies = (
			);
			name = JZAPITestApp;
			productName = JZAPITestApp;
			productReference = 2F8C07BA28F34BBF0091EEB9 /* JZAPITestApp.app */;
			productType = "com.apple.product-type.application";
		};
/* End PBXNativeTarget section */

/* Begin PBXProject section */
		2F8C07B228F34BBF0091EEB9 /* Project object */ = {
			isa = PBXProject;
			attributes = {
				BuildIndependentTargetsInParallel = 1;
				LastSwiftUpdateCheck = 1320;
				LastUpgradeCheck = 1320;
				TargetAttributes = {
					2F8C07B928F34BBF0091EEB9 = {
						CreatedOnToolsVersion = 13.2.1;
					};
				};
			};
			buildConfigurationList = 2F8C07B528F34BBF0091EEB9 /* Build configuration list for PBXProject "JZAPITestApp" */;
			compatibilityVersion = "Xcode 13.0";
			developmentRegion = en;
			hasScannedForEncodings = 0;
			knownRegions = (
				en,
				Base,
			);
			mainGroup = 2F8C07B128F34BBF0091EEB9;
			productRefGroup = 2F8C07BB28F34BBF0091EEB9 /* Products */;
			projectDirPath = "";
			projectRoot = "";
			targets = (
				2F8C07B928F34BBF0091EEB9 /* JZAPITestApp */,
			);
		};
/* End PBXProject section */

/* Begin PBXResourcesBuildPhase section */
		2F8C07B828F34BBF0091EEB9 /* Resources */ = {
			isa = PBXResourcesBuildPhase;
			buildActionMask = 2147483647;
			files = (
				2F8C07CA28F34BC20091EEB9 /* LaunchScreen.storyboard in Resources */,
				2F8C07ED28F559EF0091EEB9 /* AnimalInfoCell.xib in Resources */,
				2F8C07C728F34BC20091EEB9 /* Assets.xcassets in Resources */,
				2F8C07C528F34BBF0091EEB9 /* Main.storyboard in Resources */,
			);
			runOnlyForDeploymentPostprocessing = 0;
		};
/* End PBXResourcesBuildPhase section */

/* Begin PBXShellScriptBuildPhase section */
		402A9E0DEB9B0A11C963864E /* [CP] Check Pods Manifest.lock */ = {
			isa = PBXShellScriptBuildPhase;
			buildActionMask = 2147483647;
			files = (
			);
			inputFileListPaths = (
			);
			inputPaths = (
				"${PODS_PODFILE_DIR_PATH}/Podfile.lock",
				"${PODS_ROOT}/Manifest.lock",
			);
			name = "[CP] Check Pods Manifest.lock";
			outputFileListPaths = (
			);
			outputPaths = (
				"$(DERIVED_FILE_DIR)/Pods-JZAPITestApp-checkManifestLockResult.txt",
			);
			runOnlyForDeploymentPostprocessing = 0;
			shellPath = /bin/sh;
			shellScript = "diff \"${PODS_PODFILE_DIR_PATH}/Podfile.lock\" \"${PODS_ROOT}/Manifest.lock\" > /dev/null\nif [ $? != 0 ] ; then\n    # print error to STDERR\n    echo \"error: The sandbox is not in sync with the Podfile.lock. Run 'pod install' or update your CocoaPods installation.\" >&2\n    exit 1\nfi\n# This output is used by Xcode 'outputs' to avoid re-running this script phase.\necho \"SUCCESS\" > \"${SCRIPT_OUTPUT_FILE_0}\"\n";
			showEnvVarsInLog = 0;
		};
		FE7A5B1D7DF91DB60FCB7545 /* [CP] Embed Pods Frameworks */ = {
			isa = PBXShellScriptBuildPhase;
			buildActionMask = 2147483647;
			files = (
			);
			inputFileListPaths = (
				"${PODS_ROOT}/Target Support Files/Pods-JZAPITestApp/Pods-JZAPITestApp-frameworks-${CONFIGURATION}-input-files.xcfilelist",
			);
			name = "[CP] Embed Pods Frameworks";
			outputFileListPaths = (
				"${PODS_ROOT}/Target Support Files/Pods-JZAPITestApp/Pods-JZAPITestApp-frameworks-${CONFIGURATION}-output-files.xcfilelist",
			);
			runOnlyForDeploymentPostprocessing = 0;
			shellPath = /bin/sh;
			shellScript = "\"${PODS_ROOT}/Target Support Files/Pods-JZAPITestApp/Pods-JZAPITestApp-frameworks.sh\"\n";
			showEnvVarsInLog = 0;
		};
/* End PBXShellScriptBuildPhase section */

/* Begin PBXSourcesBuildPhase section */
		2F8C07B628F34BBF0091EEB9 /* Sources */ = {
			isa = PBXSourcesBuildPhase;
			buildActionMask = 2147483647;
			files = (
				2F8C07C228F34BBF0091EEB9 /* InterestingInfoViewController.swift in Sources */,
				2F8C07E528F35D520091EEB9 /* SwinjectStoryboard+Extension.swift in Sources */,
				2F8C07FE28F55D9C0091EEB9 /* UIImageView+Extension.swift in Sources */,
				2F8C07DE28F358360091EEB9 /* InfoFetcher.swift in Sources */,
				2F8C07BE28F34BBF0091EEB9 /* AppDelegate.swift in Sources */,
				2F8C07D728F351570091EEB9 /* Endpoint.swift in Sources */,
				2F8C080628F586070091EEB9 /* ThemeViewController.swift in Sources */,
				2F8C080128F5639A0091EEB9 /* AnimalInfoViewController.swift in Sources */,
				2F8C07EA28F559790091EEB9 /* AnimalInfoCell.swift in Sources */,
				2F8C080428F56EAF0091EEB9 /* AnimalViewModel.swift in Sources */,
				2F8C07D928F351570091EEB9 /* Networking.swift in Sources */,
				2F8C07DB28F3532E0091EEB9 /* Animal.swift in Sources */,
				2F8C07E228F35A390091EEB9 /* AnimalResponse.swift in Sources */,
				2F8C07D828F351570091EEB9 /* Error.swift in Sources */,
				2F8C07E028F358A40091EEB9 /* AnimalFetcher.swift in Sources */,
				2F8C07C028F34BBF0091EEB9 /* SceneDelegate.swift in Sources */,
			);
			runOnlyForDeploymentPostprocessing = 0;
		};
/* End PBXSourcesBuildPhase section */

/* Begin PBXVariantGroup section */
		2F8C07C328F34BBF0091EEB9 /* Main.storyboard */ = {
			isa = PBXVariantGroup;
			children = (
				2F8C07C428F34BBF0091EEB9 /* Base */,
			);
			name = Main.storyboard;
			sourceTree = "<group>";
		};
		2F8C07C828F34BC20091EEB9 /* LaunchScreen.storyboard */ = {
			isa = PBXVariantGroup;
			children = (
				2F8C07C928F34BC20091EEB9 /* Base */,
			);
			name = LaunchScreen.storyboard;
			sourceTree = "<group>";
		};
/* End PBXVariantGroup section */

/* Begin XCBuildConfiguration section */
		2F8C07CC28F34BC20091EEB9 /* Debug */ = {
			isa = XCBuildConfiguration;
			buildSettings = {
				ALWAYS_SEARCH_USER_PATHS = NO;
				CLANG_ANALYZER_NONNULL = YES;
				CLANG_ANALYZER_NUMBER_OBJECT_CONVERSION = YES_AGGRESSIVE;
				CLANG_CXX_LANGUAGE_STANDARD = "gnu++17";
				CLANG_CXX_LIBRARY = "libc++";
				CLANG_ENABLE_MODULES = YES;
				CLANG_ENABLE_OBJC_ARC = YES;
				CLANG_ENABLE_OBJC_WEAK = YES;
				CLANG_WARN_BLOCK_CAPTURE_AUTORELEASING = YES;
				CLANG_WARN_BOOL_CONVERSION = YES;
				CLANG_WARN_COMMA = YES;
				CLANG_WARN_CONSTANT_CONVERSION = YES;
				CLANG_WARN_DEPRECATED_OBJC_IMPLEMENTATIONS = YES;
				CLANG_WARN_DIRECT_OBJC_ISA_USAGE = YES_ERROR;
				CLANG_WARN_DOCUMENTATION_COMMENTS = YES;
				CLANG_WARN_EMPTY_BODY = YES;
				CLANG_WARN_ENUM_CONVERSION = YES;
				CLANG_WARN_INFINITE_RECURSION = YES;
				CLANG_WARN_INT_CONVERSION = YES;
				CLANG_WARN_NON_LITERAL_NULL_CONVERSION = YES;
				CLANG_WARN_OBJC_IMPLICIT_RETAIN_SELF = YES;
				CLANG_WARN_OBJC_LITERAL_CONVERSION = YES;
				CLANG_WARN_OBJC_ROOT_CLASS = YES_ERROR;
				CLANG_WARN_QUOTED_INCLUDE_IN_FRAMEWORK_HEADER = YES;
				CLANG_WARN_RANGE_LOOP_ANALYSIS = YES;
				CLANG_WARN_STRICT_PROTOTYPES = YES;
				CLANG_WARN_SUSPICIOUS_MOVE = YES;
				CLANG_WARN_UNGUARDED_AVAILABILITY = YES_AGGRESSIVE;
				CLANG_WARN_UNREACHABLE_CODE = YES;
				CLANG_WARN__DUPLICATE_METHOD_MATCH = YES;
				COPY_PHASE_STRIP = NO;
				DEBUG_INFORMATION_FORMAT = dwarf;
				ENABLE_STRICT_OBJC_MSGSEND = YES;
				ENABLE_TESTABILITY = YES;
				GCC_C_LANGUAGE_STANDARD = gnu11;
				GCC_DYNAMIC_NO_PIC = NO;
				GCC_NO_COMMON_BLOCKS = YES;
				GCC_OPTIMIZATION_LEVEL = 0;
				GCC_PREPROCESSOR_DEFINITIONS = (
					"DEBUG=1",
					"$(inherited)",
				);
				GCC_WARN_64_TO_32_BIT_CONVERSION = YES;
				GCC_WARN_ABOUT_RETURN_TYPE = YES_ERROR;
				GCC_WARN_UNDECLARED_SELECTOR = YES;
				GCC_WARN_UNINITIALIZED_AUTOS = YES_AGGRESSIVE;
				GCC_WARN_UNUSED_FUNCTION = YES;
				GCC_WARN_UNUSED_VARIABLE = YES;
				IPHONEOS_DEPLOYMENT_TARGET = 15.2;
				MTL_ENABLE_DEBUG_INFO = INCLUDE_SOURCE;
				MTL_FAST_MATH = YES;
				ONLY_ACTIVE_ARCH = YES;
				SDKROOT = iphoneos;
				SWIFT_ACTIVE_COMPILATION_CONDITIONS = DEBUG;
				SWIFT_OPTIMIZATION_LEVEL = "-Onone";
			};
			name = Debug;
		};
		2F8C07CD28F34BC20091EEB9 /* Release */ = {
			isa = XCBuildConfiguration;
			buildSettings = {
				ALWAYS_SEARCH_USER_PATHS = NO;
				CLANG_ANALYZER_NONNULL = YES;
				CLANG_ANALYZER_NUMBER_OBJECT_CONVERSION = YES_AGGRESSIVE;
				CLANG_CXX_LANGUAGE_STANDARD = "gnu++17";
				CLANG_CXX_LIBRARY = "libc++";
				CLANG_ENABLE_MODULES = YES;
				CLANG_ENABLE_OBJC_ARC = YES;
				CLANG_ENABLE_OBJC_WEAK = YES;
				CLANG_WARN_BLOCK_CAPTURE_AUTORELEASING = YES;
				CLANG_WARN_BOOL_CONVERSION = YES;
				CLANG_WARN_COMMA = YES;
				CLANG_WARN_CONSTANT_CONVERSION = YES;
				CLANG_WARN_DEPRECATED_OBJC_IMPLEMENTATIONS = YES;
				CLANG_WARN_DIRECT_OBJC_ISA_USAGE = YES_ERROR;
				CLANG_WARN_DOCUMENTATION_COMMENTS = YES;
				CLANG_WARN_EMPTY_BODY = YES;
				CLANG_WARN_ENUM_CONVERSION = YES;
				CLANG_WARN_INFINITE_RECURSION = YES;
				CLANG_WARN_INT_CONVERSION = YES;
				CLANG_WARN_NON_LITERAL_NULL_CONVERSION = YES;
				CLANG_WARN_OBJC_IMPLICIT_RETAIN_SELF = YES;
				CLANG_WARN_OBJC_LITERAL_CONVERSION = YES;
				CLANG_WARN_OBJC_ROOT_CLASS = YES_ERROR;
				CLANG_WARN_QUOTED_INCLUDE_IN_FRAMEWORK_HEADER = YES;
				CLANG_WARN_RANGE_LOOP_ANALYSIS = YES;
				CLANG_WARN_STRICT_PROTOTYPES = YES;
				CLANG_WARN_SUSPICIOUS_MOVE = YES;
				CLANG_WARN_UNGUARDED_AVAILABILITY = YES_AGGRESSIVE;
				CLANG_WARN_UNREACHABLE_CODE = YES;
				CLANG_WARN__DUPLICATE_METHOD_MATCH = YES;
				COPY_PHASE_STRIP = NO;
				DEBUG_INFORMATION_FORMAT = "dwarf-with-dsym";
				ENABLE_NS_ASSERTIONS = NO;
				ENABLE_STRICT_OBJC_MSGSEND = YES;
				GCC_C_LANGUAGE_STANDARD = gnu11;
				GCC_NO_COMMON_BLOCKS = YES;
				GCC_WARN_64_TO_32_BIT_CONVERSION = YES;
				GCC_WARN_ABOUT_RETURN_TYPE = YES_ERROR;
				GCC_WARN_UNDECLARED_SELECTOR = YES;
				GCC_WARN_UNINITIALIZED_AUTOS = YES_AGGRESSIVE;
				GCC_WARN_UNUSED_FUNCTION = YES;
				GCC_WARN_UNUSED_VARIABLE = YES;
				IPHONEOS_DEPLOYMENT_TARGET = 15.2;
				MTL_ENABLE_DEBUG_INFO = NO;
				MTL_FAST_MATH = YES;
				SDKROOT = iphoneos;
				SWIFT_COMPILATION_MODE = wholemodule;
				SWIFT_OPTIMIZATION_LEVEL = "-O";
				VALIDATE_PRODUCT = YES;
			};
			name = Release;
		};
		2F8C07CF28F34BC20091EEB9 /* Debug */ = {
			isa = XCBuildConfiguration;
			baseConfigurationReference = 23832EA8DECC2BB83E62D4B9 /* Pods-JZAPITestApp.debug.xcconfig */;
			buildSettings = {
				ASSETCATALOG_COMPILER_APPICON_NAME = AppIcon;
				ASSETCATALOG_COMPILER_GLOBAL_ACCENT_COLOR_NAME = AccentColor;
				CODE_SIGN_STYLE = Automatic;
				CURRENT_PROJECT_VERSION = 1;
				DEVELOPMENT_TEAM = NDPNDE87QY;
				GENERATE_INFOPLIST_FILE = YES;
				INFOPLIST_FILE = JZAPITestApp/Info.plist;
				INFOPLIST_KEY_UIApplicationSupportsIndirectInputEvents = YES;
				INFOPLIST_KEY_UILaunchStoryboardName = LaunchScreen;
				INFOPLIST_KEY_UIMainStoryboardFile = Main;
				INFOPLIST_KEY_UISupportedInterfaceOrientations_iPad = "UIInterfaceOrientationPortrait UIInterfaceOrientationPortraitUpsideDown UIInterfaceOrientationLandscapeLeft UIInterfaceOrientationLandscapeRight";
				INFOPLIST_KEY_UISupportedInterfaceOrientations_iPhone = "UIInterfaceOrientationPortrait UIInterfaceOrientationLandscapeLeft UIInterfaceOrientationLandscapeRight";
				LD_RUNPATH_SEARCH_PATHS = (
					"$(inherited)",
					"@executable_path/Frameworks",
				);
				MARKETING_VERSION = 1.0;
				PRODUCT_BUNDLE_IDENTIFIER = com.zhelemProduction.JZAPITestApp;
				PRODUCT_NAME = "$(TARGET_NAME)";
				SWIFT_EMIT_LOC_STRINGS = YES;
				SWIFT_VERSION = 5.0;
				TARGETED_DEVICE_FAMILY = "1,2";
			};
			name = Debug;
		};
		2F8C07D028F34BC20091EEB9 /* Release */ = {
			isa = XCBuildConfiguration;
			baseConfigurationReference = EB6922C637A4652852D10535 /* Pods-JZAPITestApp.release.xcconfig */;
			buildSettings = {
				ASSETCATALOG_COMPILER_APPICON_NAME = AppIcon;
				ASSETCATALOG_COMPILER_GLOBAL_ACCENT_COLOR_NAME = AccentColor;
				CODE_SIGN_STYLE = Automatic;
				CURRENT_PROJECT_VERSION = 1;
				DEVELOPMENT_TEAM = NDPNDE87QY;
				GENERATE_INFOPLIST_FILE = YES;
				INFOPLIST_FILE = JZAPITestApp/Info.plist;
				INFOPLIST_KEY_UIApplicationSupportsIndirectInputEvents = YES;
				INFOPLIST_KEY_UILaunchStoryboardName = LaunchScreen;
				INFOPLIST_KEY_UIMainStoryboardFile = Main;
				INFOPLIST_KEY_UISupportedInterfaceOrientations_iPad = "UIInterfaceOrientationPortrait UIInterfaceOrientationPortraitUpsideDown UIInterfaceOrientationLandscapeLeft UIInterfaceOrientationLandscapeRight";
				INFOPLIST_KEY_UISupportedInterfaceOrientations_iPhone = "UIInterfaceOrientationPortrait UIInterfaceOrientationLandscapeLeft UIInterfaceOrientationLandscapeRight";
				LD_RUNPATH_SEARCH_PATHS = (
					"$(inherited)",
					"@executable_path/Frameworks",
				);
				MARKETING_VERSION = 1.0;
				PRODUCT_BUNDLE_IDENTIFIER = com.zhelemProduction.JZAPITestApp;
				PRODUCT_NAME = "$(TARGET_NAME)";
				SWIFT_EMIT_LOC_STRINGS = YES;
				SWIFT_VERSION = 5.0;
				TARGETED_DEVICE_FAMILY = "1,2";
			};
			name = Release;
		};
/* End XCBuildConfiguration section */

/* Begin XCConfigurationList section */
		2F8C07B528F34BBF0091EEB9 /* Build configuration list for PBXProject "JZAPITestApp" */ = {
			isa = XCConfigurationList;
			buildConfigurations = (
				2F8C07CC28F34BC20091EEB9 /* Debug */,
				2F8C07CD28F34BC20091EEB9 /* Release */,
			);
			defaultConfigurationIsVisible = 0;
			defaultConfigurationName = Release;
		};
		2F8C07CE28F34BC20091EEB9 /* Build configuration list for PBXNativeTarget "JZAPITestApp" */ = {
			isa = XCConfigurationList;
			buildConfigurations = (
				2F8C07CF28F34BC20091EEB9 /* Debug */,
				2F8C07D028F34BC20091EEB9 /* Release */,
			);
			defaultConfigurationIsVisible = 0;
			defaultConfigurationName = Release;
		};
/* End XCConfigurationList section */
	};
	rootObject = 2F8C07B228F34BBF0091EEB9 /* Project object */;
}
